// !$*UTF8*$!
{
	archiveVersion = 1;
	classes = {
	};
	objectVersion = 55;
	objects = {

/* Begin PBXBuildFile section */
		02072FF52849D216003D7D28 /* HomeViewComponentsData.swift in Sources */ = {isa = PBXBuildFile; fileRef = 02072FF42849D216003D7D28 /* HomeViewComponentsData.swift */; };
		02072FF72849E242003D7D28 /* HomeDataManager.swift in Sources */ = {isa = PBXBuildFile; fileRef = 02072FF62849E242003D7D28 /* HomeDataManager.swift */; };
		02072FF92849F365003D7D28 /* HomeService.swift in Sources */ = {isa = PBXBuildFile; fileRef = 02072FF82849F365003D7D28 /* HomeService.swift */; };
		0244F60F284DD3DE002D385C /* HomeDto.swift in Sources */ = {isa = PBXBuildFile; fileRef = 0244F60E284DD3DE002D385C /* HomeDto.swift */; };
		02501E16284DC84B00CB4CB8 /* mock.json in Resources */ = {isa = PBXBuildFile; fileRef = 02501E15284DC84B00CB4CB8 /* mock.json */; };
		02501E18284DC94A00CB4CB8 /* JSONConverterTests.swift in Sources */ = {isa = PBXBuildFile; fileRef = 02501E17284DC94A00CB4CB8 /* JSONConverterTests.swift */; };
		02501E19284DC9C400CB4CB8 /* mock.json in Resources */ = {isa = PBXBuildFile; fileRef = 02501E15284DC84B00CB4CB8 /* mock.json */; };
		026731772848B0BC007FEBEF /* CalendarCollectionDataSource.swift in Sources */ = {isa = PBXBuildFile; fileRef = 026731762848B0BC007FEBEF /* CalendarCollectionDataSource.swift */; };
		0267317B284924D8007FEBEF /* Int+.swift in Sources */ = {isa = PBXBuildFile; fileRef = 0267317A284924D8007FEBEF /* Int+.swift */; };
		02874048283D37B50009C62D /* UIColor+.swift in Sources */ = {isa = PBXBuildFile; fileRef = 02874047283D37B50009C62D /* UIColor+.swift */; };
		0287404A283D3B6D0009C62D /* HomeView.swift in Sources */ = {isa = PBXBuildFile; fileRef = 02874049283D3B6D0009C62D /* HomeView.swift */; };
		0287404C283DBE810009C62D /* UiView+.swift in Sources */ = {isa = PBXBuildFile; fileRef = 0287404B283DBE810009C62D /* UiView+.swift */; };
		0287404F283DFD250009C62D /* FindAccomodationViewController.swift in Sources */ = {isa = PBXBuildFile; fileRef = 0287404E283DFD250009C62D /* FindAccomodationViewController.swift */; };
		02874051283DFDCE0009C62D /* FindAccomodationView.swift in Sources */ = {isa = PBXBuildFile; fileRef = 02874050283DFDCE0009C62D /* FindAccomodationView.swift */; };
		02874053283E01E70009C62D /* FindAccomodationCell.swift in Sources */ = {isa = PBXBuildFile; fileRef = 02874052283E01E70009C62D /* FindAccomodationCell.swift */; };
		02874057283E0E600009C62D /* BudgetView.swift in Sources */ = {isa = PBXBuildFile; fileRef = 02874056283E0E600009C62D /* BudgetView.swift */; };
		02874059283E15420009C62D /* .swiftlint.yml in Resources */ = {isa = PBXBuildFile; fileRef = 02874058283E15420009C62D /* .swiftlint.yml */; };
		02AE9A2F283FD5AF00F3B5E5 /* CalendarUseCase.swift in Sources */ = {isa = PBXBuildFile; fileRef = 02AE9A2E283FD5AF00F3B5E5 /* CalendarUseCase.swift */; };
		02AE9A37283FDADF00F3B5E5 /* DateConverter.swift in Sources */ = {isa = PBXBuildFile; fileRef = 02AE9A36283FDADF00F3B5E5 /* DateConverter.swift */; };
		02AE9A3D28406A6600F3B5E5 /* String+.swift in Sources */ = {isa = PBXBuildFile; fileRef = 02AE9A3C28406A6600F3B5E5 /* String+.swift */; };
		02B3BB9928445E9B00753CA7 /* CalendarView.swift in Sources */ = {isa = PBXBuildFile; fileRef = 02B3BB9828445E9B00753CA7 /* CalendarView.swift */; };
		02B3BB9B2844653600753CA7 /* CalendarViewController.swift in Sources */ = {isa = PBXBuildFile; fileRef = 02B3BB9A2844653600753CA7 /* CalendarViewController.swift */; };
		02B3BB9D28446AB400753CA7 /* CalendarCollectionCell.swift in Sources */ = {isa = PBXBuildFile; fileRef = 02B3BB9C28446AB400753CA7 /* CalendarCollectionCell.swift */; };
		02B3BBA02844B85600753CA7 /* Day.swift in Sources */ = {isa = PBXBuildFile; fileRef = 02B3BB9F2844B85600753CA7 /* Day.swift */; };
		02B3BBA22844B85F00753CA7 /* MonthMetadata.swift in Sources */ = {isa = PBXBuildFile; fileRef = 02B3BBA12844B85F00753CA7 /* MonthMetadata.swift */; };
		02B3BBA42844E7A100753CA7 /* CalendarCollectionHeaderView.swift in Sources */ = {isa = PBXBuildFile; fileRef = 02B3BBA32844E7A100753CA7 /* CalendarCollectionHeaderView.swift */; };
		02DF0CD5283CB2C6003D0679 /* HeroImageCell.swift in Sources */ = {isa = PBXBuildFile; fileRef = 02DF0CD4283CB2C6003D0679 /* HeroImageCell.swift */; };
		02DF0CD7283CB3C7003D0679 /* AroundSpotCell.swift in Sources */ = {isa = PBXBuildFile; fileRef = 02DF0CD6283CB3C7003D0679 /* AroundSpotCell.swift */; };
		02DF0CD9283CB77F003D0679 /* ThemeSpotCell.swift in Sources */ = {isa = PBXBuildFile; fileRef = 02DF0CD8283CB77F003D0679 /* ThemeSpotCell.swift */; };
		02DF0CDB283CB980003D0679 /* CollectionHeaderView.swift in Sources */ = {isa = PBXBuildFile; fileRef = 02DF0CDA283CB980003D0679 /* CollectionHeaderView.swift */; };
		02DF0CDD283CBAB6003D0679 /* HomeViewCollectionDataSource.swift in Sources */ = {isa = PBXBuildFile; fileRef = 02DF0CDC283CBAB6003D0679 /* HomeViewCollectionDataSource.swift */; };
		02FAD3682848A13B0053327B /* AccomodationData.swift in Sources */ = {isa = PBXBuildFile; fileRef = 02FAD3672848A13B0053327B /* AccomodationData.swift */; };
		02FAD36D2848AA340053327B /* FindAccomodationTableDataSource.swift in Sources */ = {isa = PBXBuildFile; fileRef = 02FAD36C2848AA340053327B /* FindAccomodationTableDataSource.swift */; };
		02FAD36F2848AB110053327B /* FindAccomodationTableDelegate.swift in Sources */ = {isa = PBXBuildFile; fileRef = 02FAD36E2848AB110053327B /* FindAccomodationTableDelegate.swift */; };
		2B4211FC07E0723A3B92CBF2 /* Pods_Airbnb_iOSTests.framework in Frameworks */ = {isa = PBXBuildFile; fileRef = E6C50759EE176BC58496A7F9 /* Pods_Airbnb_iOSTests.framework */; };
		6D77C14CD0C71F86C79B5949 /* Pods_Airbnb_iOS.framework in Frameworks */ = {isa = PBXBuildFile; fileRef = 9FCF364B69EE3C5A4173A56F /* Pods_Airbnb_iOS.framework */; };
		D207EBCD284F3AA3003B67F0 /* CollectionFooterView.swift in Sources */ = {isa = PBXBuildFile; fileRef = D207EBCC284F3AA3003B67F0 /* CollectionFooterView.swift */; };
		D207EBD4284F9568003B67F0 /* DetailTextDescriptionDelegate.swift in Sources */ = {isa = PBXBuildFile; fileRef = D207EBD3284F9568003B67F0 /* DetailTextDescriptionDelegate.swift */; };
		D2402414284F21BF00E87E0F /* DetailPageToolBar.swift in Sources */ = {isa = PBXBuildFile; fileRef = D2402413284F21BF00E87E0F /* DetailPageToolBar.swift */; };
		D247A48C283F640A00A92DDD /* BrowsingSpotCell.swift in Sources */ = {isa = PBXBuildFile; fileRef = D247A48B283F640A00A92DDD /* BrowsingSpotCell.swift */; };
		D247A490284068DA00A92DDD /* FamousSpotCollectionDataSource.swift in Sources */ = {isa = PBXBuildFile; fileRef = D247A48F284068DA00A92DDD /* FamousSpotCollectionDataSource.swift */; };
		D247A4922840690400A92DDD /* BrowsingSpotCollectionDataSource.swift in Sources */ = {isa = PBXBuildFile; fileRef = D247A4912840690400A92DDD /* BrowsingSpotCollectionDataSource.swift */; };
		D254C8752850350200F1B1B0 /* ReserveToolBarDelegate.swift in Sources */ = {isa = PBXBuildFile; fileRef = D254C8742850350200F1B1B0 /* ReserveToolBarDelegate.swift */; };
		D298A228284DD84A004B12C9 /* DetailPageViewController.swift in Sources */ = {isa = PBXBuildFile; fileRef = D298A227284DD84A004B12C9 /* DetailPageViewController.swift */; };
		D298A22B284DD8E3004B12C9 /* ThumbnailImageCell.swift in Sources */ = {isa = PBXBuildFile; fileRef = D298A22A284DD8E3004B12C9 /* ThumbnailImageCell.swift */; };
		D298A22D284DDA73004B12C9 /* TitleTextCell.swift in Sources */ = {isa = PBXBuildFile; fileRef = D298A22C284DDA73004B12C9 /* TitleTextCell.swift */; };
		D298A22F284DE0E3004B12C9 /* HostTextCell.swift in Sources */ = {isa = PBXBuildFile; fileRef = D298A22E284DE0E3004B12C9 /* HostTextCell.swift */; };
		D298A231284DE46D004B12C9 /* DetailTextCell.swift in Sources */ = {isa = PBXBuildFile; fileRef = D298A230284DE46D004B12C9 /* DetailTextCell.swift */; };
		D298A233284DEF43004B12C9 /* DetailPageCollectionView.swift in Sources */ = {isa = PBXBuildFile; fileRef = D298A232284DEF43004B12C9 /* DetailPageCollectionView.swift */; };
		D298A235284EE409004B12C9 /* DetailPageCollectionLayout.swift in Sources */ = {isa = PBXBuildFile; fileRef = D298A234284EE409004B12C9 /* DetailPageCollectionLayout.swift */; };
		D298A237284EE882004B12C9 /* DetailPageCollectionDataSource.swift in Sources */ = {isa = PBXBuildFile; fileRef = D298A236284EE882004B12C9 /* DetailPageCollectionDataSource.swift */; };
		D298A220284DBB79004B12C9 /* NetworkingTest.swift in Sources */ = {isa = PBXBuildFile; fileRef = D298A21F284DBB79004B12C9 /* NetworkingTest.swift */; };
		D2B52C3E283E0CDE00C58271 /* BorwsingSpotCollectionView.swift in Sources */ = {isa = PBXBuildFile; fileRef = D2B52C3D283E0CDE00C58271 /* BorwsingSpotCollectionView.swift */; };
		D2B52C40283F153900C58271 /* HomeViewCollectionLayout.swift in Sources */ = {isa = PBXBuildFile; fileRef = D2B52C3F283F153900C58271 /* HomeViewCollectionLayout.swift */; };
		D2BD027228484CA100AC7B78 /* LocationManager.swift in Sources */ = {isa = PBXBuildFile; fileRef = D2BD027128484CA100AC7B78 /* LocationManager.swift */; };
		D2BD02772848A63400AC7B78 /* MKDataManager.swift in Sources */ = {isa = PBXBuildFile; fileRef = D2BD02762848A63400AC7B78 /* MKDataManager.swift */; };
		D2BD0279284DACA800AC7B78 /* JSONConverter.swift in Sources */ = {isa = PBXBuildFile; fileRef = D2BD0278284DACA800AC7B78 /* JSONConverter.swift */; };
		D2BD027B284DAD4000AC7B78 /* AlamofireNet.swift in Sources */ = {isa = PBXBuildFile; fileRef = D2BD027A284DAD4000AC7B78 /* AlamofireNet.swift */; };
		D2EA1A17284455F800C75419 /* BrowsingSpotCollectionLayout.swift in Sources */ = {isa = PBXBuildFile; fileRef = D2EA1A16284455F800C75419 /* BrowsingSpotCollectionLayout.swift */; };
		D2FFBFD1283C868300C97D16 /* AppDelegate.swift in Sources */ = {isa = PBXBuildFile; fileRef = D2FFBFD0283C868300C97D16 /* AppDelegate.swift */; };
		D2FFBFD3283C868300C97D16 /* SceneDelegate.swift in Sources */ = {isa = PBXBuildFile; fileRef = D2FFBFD2283C868300C97D16 /* SceneDelegate.swift */; };
		D2FFBFD5283C868300C97D16 /* TabBarController.swift in Sources */ = {isa = PBXBuildFile; fileRef = D2FFBFD4283C868300C97D16 /* TabBarController.swift */; };
		D2FFBFDA283C868400C97D16 /* Assets.xcassets in Resources */ = {isa = PBXBuildFile; fileRef = D2FFBFD9283C868400C97D16 /* Assets.xcassets */; };
		D2FFBFDD283C868400C97D16 /* LaunchScreen.storyboard in Resources */ = {isa = PBXBuildFile; fileRef = D2FFBFDB283C868400C97D16 /* LaunchScreen.storyboard */; };
		D2FFBFE6283CA70B00C97D16 /* HomeViewController.swift in Sources */ = {isa = PBXBuildFile; fileRef = D2FFBFE5283CA70B00C97D16 /* HomeViewController.swift */; };
		D2FFBFE8283CA72500C97D16 /* WishlistViewController.swift in Sources */ = {isa = PBXBuildFile; fileRef = D2FFBFE7283CA72500C97D16 /* WishlistViewController.swift */; };
		D2FFBFEA283CA73B00C97D16 /* ReservationViewController.swift in Sources */ = {isa = PBXBuildFile; fileRef = D2FFBFE9283CA73B00C97D16 /* ReservationViewController.swift */; };
		D2FFBFEE283CB33700C97D16 /* BrowseViewController.swift in Sources */ = {isa = PBXBuildFile; fileRef = D2FFBFED283CB33700C97D16 /* BrowseViewController.swift */; };
/* End PBXBuildFile section */

/* Begin PBXContainerItemProxy section */
		D298A21A284DBB29004B12C9 /* PBXContainerItemProxy */ = {
			isa = PBXContainerItemProxy;
			containerPortal = D2FFBFC5283C868300C97D16 /* Project object */;
			proxyType = 1;
			remoteGlobalIDString = D2FFBFCC283C868300C97D16;
			remoteInfo = Airbnb_iOS;
		};
/* End PBXContainerItemProxy section */

/* Begin PBXFileReference section */
		02072FF42849D216003D7D28 /* HomeViewComponentsData.swift */ = {isa = PBXFileReference; lastKnownFileType = sourcecode.swift; path = HomeViewComponentsData.swift; sourceTree = "<group>"; };
		02072FF62849E242003D7D28 /* HomeDataManager.swift */ = {isa = PBXFileReference; lastKnownFileType = sourcecode.swift; path = HomeDataManager.swift; sourceTree = "<group>"; };
		02072FF82849F365003D7D28 /* HomeService.swift */ = {isa = PBXFileReference; lastKnownFileType = sourcecode.swift; path = HomeService.swift; sourceTree = "<group>"; };
		0244F60E284DD3DE002D385C /* HomeDto.swift */ = {isa = PBXFileReference; lastKnownFileType = sourcecode.swift; path = HomeDto.swift; sourceTree = "<group>"; };
		02501E15284DC84B00CB4CB8 /* mock.json */ = {isa = PBXFileReference; lastKnownFileType = text.json; path = mock.json; sourceTree = "<group>"; };
		02501E17284DC94A00CB4CB8 /* JSONConverterTests.swift */ = {isa = PBXFileReference; lastKnownFileType = sourcecode.swift; path = JSONConverterTests.swift; sourceTree = "<group>"; };
		026731762848B0BC007FEBEF /* CalendarCollectionDataSource.swift */ = {isa = PBXFileReference; lastKnownFileType = sourcecode.swift; path = CalendarCollectionDataSource.swift; sourceTree = "<group>"; };
		0267317A284924D8007FEBEF /* Int+.swift */ = {isa = PBXFileReference; lastKnownFileType = sourcecode.swift; path = "Int+.swift"; sourceTree = "<group>"; };
		02874047283D37B50009C62D /* UIColor+.swift */ = {isa = PBXFileReference; lastKnownFileType = sourcecode.swift; path = "UIColor+.swift"; sourceTree = "<group>"; };
		02874049283D3B6D0009C62D /* HomeView.swift */ = {isa = PBXFileReference; lastKnownFileType = sourcecode.swift; path = HomeView.swift; sourceTree = "<group>"; };
		0287404B283DBE810009C62D /* UiView+.swift */ = {isa = PBXFileReference; lastKnownFileType = sourcecode.swift; path = "UiView+.swift"; sourceTree = "<group>"; };
		0287404E283DFD250009C62D /* FindAccomodationViewController.swift */ = {isa = PBXFileReference; lastKnownFileType = sourcecode.swift; path = FindAccomodationViewController.swift; sourceTree = "<group>"; };
		02874050283DFDCE0009C62D /* FindAccomodationView.swift */ = {isa = PBXFileReference; lastKnownFileType = sourcecode.swift; path = FindAccomodationView.swift; sourceTree = "<group>"; };
		02874052283E01E70009C62D /* FindAccomodationCell.swift */ = {isa = PBXFileReference; lastKnownFileType = sourcecode.swift; path = FindAccomodationCell.swift; sourceTree = "<group>"; };
		02874056283E0E600009C62D /* BudgetView.swift */ = {isa = PBXFileReference; lastKnownFileType = sourcecode.swift; path = BudgetView.swift; sourceTree = "<group>"; };
		02874058283E15420009C62D /* .swiftlint.yml */ = {isa = PBXFileReference; lastKnownFileType = text.yaml; path = .swiftlint.yml; sourceTree = "<group>"; };
		02AE9A2E283FD5AF00F3B5E5 /* CalendarUseCase.swift */ = {isa = PBXFileReference; lastKnownFileType = sourcecode.swift; path = CalendarUseCase.swift; sourceTree = "<group>"; };
		02AE9A36283FDADF00F3B5E5 /* DateConverter.swift */ = {isa = PBXFileReference; lastKnownFileType = sourcecode.swift; path = DateConverter.swift; sourceTree = "<group>"; };
		02AE9A3C28406A6600F3B5E5 /* String+.swift */ = {isa = PBXFileReference; lastKnownFileType = sourcecode.swift; path = "String+.swift"; sourceTree = "<group>"; };
		02B3BB9828445E9B00753CA7 /* CalendarView.swift */ = {isa = PBXFileReference; lastKnownFileType = sourcecode.swift; path = CalendarView.swift; sourceTree = "<group>"; };
		02B3BB9A2844653600753CA7 /* CalendarViewController.swift */ = {isa = PBXFileReference; lastKnownFileType = sourcecode.swift; path = CalendarViewController.swift; sourceTree = "<group>"; };
		02B3BB9C28446AB400753CA7 /* CalendarCollectionCell.swift */ = {isa = PBXFileReference; lastKnownFileType = sourcecode.swift; path = CalendarCollectionCell.swift; sourceTree = "<group>"; };
		02B3BB9F2844B85600753CA7 /* Day.swift */ = {isa = PBXFileReference; lastKnownFileType = sourcecode.swift; path = Day.swift; sourceTree = "<group>"; };
		02B3BBA12844B85F00753CA7 /* MonthMetadata.swift */ = {isa = PBXFileReference; lastKnownFileType = sourcecode.swift; path = MonthMetadata.swift; sourceTree = "<group>"; };
		02B3BBA32844E7A100753CA7 /* CalendarCollectionHeaderView.swift */ = {isa = PBXFileReference; lastKnownFileType = sourcecode.swift; path = CalendarCollectionHeaderView.swift; sourceTree = "<group>"; };
		02DF0CD4283CB2C6003D0679 /* HeroImageCell.swift */ = {isa = PBXFileReference; lastKnownFileType = sourcecode.swift; path = HeroImageCell.swift; sourceTree = "<group>"; };
		02DF0CD6283CB3C7003D0679 /* AroundSpotCell.swift */ = {isa = PBXFileReference; lastKnownFileType = sourcecode.swift; path = AroundSpotCell.swift; sourceTree = "<group>"; };
		02DF0CD8283CB77F003D0679 /* ThemeSpotCell.swift */ = {isa = PBXFileReference; lastKnownFileType = sourcecode.swift; path = ThemeSpotCell.swift; sourceTree = "<group>"; };
		02DF0CDA283CB980003D0679 /* CollectionHeaderView.swift */ = {isa = PBXFileReference; lastKnownFileType = sourcecode.swift; path = CollectionHeaderView.swift; sourceTree = "<group>"; };
		02DF0CDC283CBAB6003D0679 /* HomeViewCollectionDataSource.swift */ = {isa = PBXFileReference; lastKnownFileType = sourcecode.swift; path = HomeViewCollectionDataSource.swift; sourceTree = "<group>"; };
		02FAD3672848A13B0053327B /* AccomodationData.swift */ = {isa = PBXFileReference; lastKnownFileType = sourcecode.swift; path = AccomodationData.swift; sourceTree = "<group>"; };
		02FAD36C2848AA340053327B /* FindAccomodationTableDataSource.swift */ = {isa = PBXFileReference; lastKnownFileType = sourcecode.swift; path = FindAccomodationTableDataSource.swift; sourceTree = "<group>"; };
		02FAD36E2848AB110053327B /* FindAccomodationTableDelegate.swift */ = {isa = PBXFileReference; lastKnownFileType = sourcecode.swift; path = FindAccomodationTableDelegate.swift; sourceTree = "<group>"; };
		1E326D4FAA083AF8388B21BD /* Pods-Airbnb_iOS.release.xcconfig */ = {isa = PBXFileReference; includeInIndex = 1; lastKnownFileType = text.xcconfig; name = "Pods-Airbnb_iOS.release.xcconfig"; path = "Target Support Files/Pods-Airbnb_iOS/Pods-Airbnb_iOS.release.xcconfig"; sourceTree = "<group>"; };
		251AAB6A09135294AAF4DB95 /* Pods-Airbnb_iOSTests.debug.xcconfig */ = {isa = PBXFileReference; includeInIndex = 1; lastKnownFileType = text.xcconfig; name = "Pods-Airbnb_iOSTests.debug.xcconfig"; path = "Target Support Files/Pods-Airbnb_iOSTests/Pods-Airbnb_iOSTests.debug.xcconfig"; sourceTree = "<group>"; };
		8646BA6A523BD85096A968B0 /* Pods-Airbnb_iOSTests.release.xcconfig */ = {isa = PBXFileReference; includeInIndex = 1; lastKnownFileType = text.xcconfig; name = "Pods-Airbnb_iOSTests.release.xcconfig"; path = "Target Support Files/Pods-Airbnb_iOSTests/Pods-Airbnb_iOSTests.release.xcconfig"; sourceTree = "<group>"; };
		9FCF364B69EE3C5A4173A56F /* Pods_Airbnb_iOS.framework */ = {isa = PBXFileReference; explicitFileType = wrapper.framework; includeInIndex = 0; path = Pods_Airbnb_iOS.framework; sourceTree = BUILT_PRODUCTS_DIR; };
		C1C9C3510E21BC4268E4F21D /* Pods-Airbnb_iOS.debug.xcconfig */ = {isa = PBXFileReference; includeInIndex = 1; lastKnownFileType = text.xcconfig; name = "Pods-Airbnb_iOS.debug.xcconfig"; path = "Target Support Files/Pods-Airbnb_iOS/Pods-Airbnb_iOS.debug.xcconfig"; sourceTree = "<group>"; };
		D207EBCC284F3AA3003B67F0 /* CollectionFooterView.swift */ = {isa = PBXFileReference; lastKnownFileType = sourcecode.swift; path = CollectionFooterView.swift; sourceTree = "<group>"; };
		D207EBD3284F9568003B67F0 /* DetailTextDescriptionDelegate.swift */ = {isa = PBXFileReference; lastKnownFileType = sourcecode.swift; path = DetailTextDescriptionDelegate.swift; sourceTree = "<group>"; };
		D2402413284F21BF00E87E0F /* DetailPageToolBar.swift */ = {isa = PBXFileReference; lastKnownFileType = sourcecode.swift; path = DetailPageToolBar.swift; sourceTree = "<group>"; };
		D247A48B283F640A00A92DDD /* BrowsingSpotCell.swift */ = {isa = PBXFileReference; lastKnownFileType = sourcecode.swift; path = BrowsingSpotCell.swift; sourceTree = "<group>"; };
		D247A48F284068DA00A92DDD /* FamousSpotCollectionDataSource.swift */ = {isa = PBXFileReference; lastKnownFileType = sourcecode.swift; path = FamousSpotCollectionDataSource.swift; sourceTree = "<group>"; };
		D247A4912840690400A92DDD /* BrowsingSpotCollectionDataSource.swift */ = {isa = PBXFileReference; lastKnownFileType = sourcecode.swift; path = BrowsingSpotCollectionDataSource.swift; sourceTree = "<group>"; };
		D254C8742850350200F1B1B0 /* ReserveToolBarDelegate.swift */ = {isa = PBXFileReference; lastKnownFileType = sourcecode.swift; path = ReserveToolBarDelegate.swift; sourceTree = "<group>"; };
		D298A227284DD84A004B12C9 /* DetailPageViewController.swift */ = {isa = PBXFileReference; lastKnownFileType = sourcecode.swift; path = DetailPageViewController.swift; sourceTree = "<group>"; };
		D298A22A284DD8E3004B12C9 /* ThumbnailImageCell.swift */ = {isa = PBXFileReference; lastKnownFileType = sourcecode.swift; path = ThumbnailImageCell.swift; sourceTree = "<group>"; };
		D298A22C284DDA73004B12C9 /* TitleTextCell.swift */ = {isa = PBXFileReference; lastKnownFileType = sourcecode.swift; path = TitleTextCell.swift; sourceTree = "<group>"; };
		D298A22E284DE0E3004B12C9 /* HostTextCell.swift */ = {isa = PBXFileReference; lastKnownFileType = sourcecode.swift; path = HostTextCell.swift; sourceTree = "<group>"; };
		D298A230284DE46D004B12C9 /* DetailTextCell.swift */ = {isa = PBXFileReference; lastKnownFileType = sourcecode.swift; path = DetailTextCell.swift; sourceTree = "<group>"; };
		D298A232284DEF43004B12C9 /* DetailPageCollectionView.swift */ = {isa = PBXFileReference; lastKnownFileType = sourcecode.swift; path = DetailPageCollectionView.swift; sourceTree = "<group>"; };
		D298A234284EE409004B12C9 /* DetailPageCollectionLayout.swift */ = {isa = PBXFileReference; lastKnownFileType = sourcecode.swift; path = DetailPageCollectionLayout.swift; sourceTree = "<group>"; };
		D298A236284EE882004B12C9 /* DetailPageCollectionDataSource.swift */ = {isa = PBXFileReference; lastKnownFileType = sourcecode.swift; path = DetailPageCollectionDataSource.swift; sourceTree = "<group>"; };
		D298A216284DBB29004B12C9 /* Airbnb_iOSTests.xctest */ = {isa = PBXFileReference; explicitFileType = wrapper.cfbundle; includeInIndex = 0; path = Airbnb_iOSTests.xctest; sourceTree = BUILT_PRODUCTS_DIR; };
		D298A21F284DBB79004B12C9 /* NetworkingTest.swift */ = {isa = PBXFileReference; lastKnownFileType = sourcecode.swift; path = NetworkingTest.swift; sourceTree = "<group>"; };
		D2B52C3D283E0CDE00C58271 /* BorwsingSpotCollectionView.swift */ = {isa = PBXFileReference; lastKnownFileType = sourcecode.swift; path = BorwsingSpotCollectionView.swift; sourceTree = "<group>"; };
		D2B52C3F283F153900C58271 /* HomeViewCollectionLayout.swift */ = {isa = PBXFileReference; lastKnownFileType = sourcecode.swift; path = HomeViewCollectionLayout.swift; sourceTree = "<group>"; };
		D2BD027128484CA100AC7B78 /* LocationManager.swift */ = {isa = PBXFileReference; lastKnownFileType = sourcecode.swift; path = LocationManager.swift; sourceTree = "<group>"; };
		D2BD02762848A63400AC7B78 /* MKDataManager.swift */ = {isa = PBXFileReference; lastKnownFileType = sourcecode.swift; path = MKDataManager.swift; sourceTree = "<group>"; };
		D2BD0278284DACA800AC7B78 /* JSONConverter.swift */ = {isa = PBXFileReference; lastKnownFileType = sourcecode.swift; path = JSONConverter.swift; sourceTree = "<group>"; };
		D2BD027A284DAD4000AC7B78 /* AlamofireNet.swift */ = {isa = PBXFileReference; lastKnownFileType = sourcecode.swift; path = AlamofireNet.swift; sourceTree = "<group>"; };
		D2EA1A16284455F800C75419 /* BrowsingSpotCollectionLayout.swift */ = {isa = PBXFileReference; lastKnownFileType = sourcecode.swift; path = BrowsingSpotCollectionLayout.swift; sourceTree = "<group>"; };
		D2FFBFCD283C868300C97D16 /* Airbnb_iOS.app */ = {isa = PBXFileReference; explicitFileType = wrapper.application; includeInIndex = 0; path = Airbnb_iOS.app; sourceTree = BUILT_PRODUCTS_DIR; };
		D2FFBFD0283C868300C97D16 /* AppDelegate.swift */ = {isa = PBXFileReference; lastKnownFileType = sourcecode.swift; path = AppDelegate.swift; sourceTree = "<group>"; };
		D2FFBFD2283C868300C97D16 /* SceneDelegate.swift */ = {isa = PBXFileReference; lastKnownFileType = sourcecode.swift; path = SceneDelegate.swift; sourceTree = "<group>"; };
		D2FFBFD4283C868300C97D16 /* TabBarController.swift */ = {isa = PBXFileReference; lastKnownFileType = sourcecode.swift; path = TabBarController.swift; sourceTree = "<group>"; };
		D2FFBFD9283C868400C97D16 /* Assets.xcassets */ = {isa = PBXFileReference; lastKnownFileType = folder.assetcatalog; path = Assets.xcassets; sourceTree = "<group>"; };
		D2FFBFDC283C868400C97D16 /* Base */ = {isa = PBXFileReference; lastKnownFileType = file.storyboard; name = Base; path = Base.lproj/LaunchScreen.storyboard; sourceTree = "<group>"; };
		D2FFBFDE283C868400C97D16 /* Info.plist */ = {isa = PBXFileReference; lastKnownFileType = text.plist.xml; path = Info.plist; sourceTree = "<group>"; };
		D2FFBFE5283CA70B00C97D16 /* HomeViewController.swift */ = {isa = PBXFileReference; lastKnownFileType = sourcecode.swift; path = HomeViewController.swift; sourceTree = "<group>"; };
		D2FFBFE7283CA72500C97D16 /* WishlistViewController.swift */ = {isa = PBXFileReference; lastKnownFileType = sourcecode.swift; path = WishlistViewController.swift; sourceTree = "<group>"; };
		D2FFBFE9283CA73B00C97D16 /* ReservationViewController.swift */ = {isa = PBXFileReference; lastKnownFileType = sourcecode.swift; path = ReservationViewController.swift; sourceTree = "<group>"; };
		D2FFBFED283CB33700C97D16 /* BrowseViewController.swift */ = {isa = PBXFileReference; lastKnownFileType = sourcecode.swift; path = BrowseViewController.swift; sourceTree = "<group>"; };
		E6C50759EE176BC58496A7F9 /* Pods_Airbnb_iOSTests.framework */ = {isa = PBXFileReference; explicitFileType = wrapper.framework; includeInIndex = 0; path = Pods_Airbnb_iOSTests.framework; sourceTree = BUILT_PRODUCTS_DIR; };
/* End PBXFileReference section */

/* Begin PBXFrameworksBuildPhase section */
		D298A213284DBB29004B12C9 /* Frameworks */ = {
			isa = PBXFrameworksBuildPhase;
			buildActionMask = 2147483647;
			files = (
				2B4211FC07E0723A3B92CBF2 /* Pods_Airbnb_iOSTests.framework in Frameworks */,
			);
			runOnlyForDeploymentPostprocessing = 0;
		};
		D2FFBFCA283C868300C97D16 /* Frameworks */ = {
			isa = PBXFrameworksBuildPhase;
			buildActionMask = 2147483647;
			files = (
				6D77C14CD0C71F86C79B5949 /* Pods_Airbnb_iOS.framework in Frameworks */,
			);
			runOnlyForDeploymentPostprocessing = 0;
		};
/* End PBXFrameworksBuildPhase section */

/* Begin PBXGroup section */
		02072FF32849D151003D7D28 /* DataSource */ = {
			isa = PBXGroup;
			children = (
				02DF0CDC283CBAB6003D0679 /* HomeViewCollectionDataSource.swift */,
			);
			path = DataSource;
			sourceTree = "<group>";
		};
		02072FFB2849F3CA003D7D28 /* Service */ = {
			isa = PBXGroup;
			children = (
				02072FF82849F365003D7D28 /* HomeService.swift */,
			);
			path = Service;
			sourceTree = "<group>";
		};
		02874046283D37AA0009C62D /* Extension */ = {
			isa = PBXGroup;
			children = (
				02874047283D37B50009C62D /* UIColor+.swift */,
				0287404B283DBE810009C62D /* UiView+.swift */,
				02AE9A3C28406A6600F3B5E5 /* String+.swift */,
				0267317A284924D8007FEBEF /* Int+.swift */,
			);
			path = Extension;
			sourceTree = "<group>";
		};
		02B3BB972844561400753CA7 /* Converter */ = {
			isa = PBXGroup;
			children = (
				02AE9A36283FDADF00F3B5E5 /* DateConverter.swift */,
			);
			path = Converter;
			sourceTree = "<group>";
		};
		02FAD34D2848495A0053327B /* Home */ = {
			isa = PBXGroup;
			children = (
				02FAD34E284849740053327B /* Model */,
				02FAD34F2848497A0053327B /* View */,
				02FAD3502848498D0053327B /* Controller */,
			);
			path = Home;
			sourceTree = "<group>";
		};
		02FAD34E284849740053327B /* Model */ = {
			isa = PBXGroup;
			children = (
				D2BD027028484C7600AC7B78 /* UseCase */,
				02072FFB2849F3CA003D7D28 /* Service */,
				02072FF42849D216003D7D28 /* HomeViewComponentsData.swift */,
				0244F60E284DD3DE002D385C /* HomeDto.swift */,
			);
			path = Model;
			sourceTree = "<group>";
		};
		02FAD34F2848497A0053327B /* View */ = {
			isa = PBXGroup;
			children = (
				02DF0CD4283CB2C6003D0679 /* HeroImageCell.swift */,
				02DF0CD6283CB3C7003D0679 /* AroundSpotCell.swift */,
				02DF0CD8283CB77F003D0679 /* ThemeSpotCell.swift */,
				02874049283D3B6D0009C62D /* HomeView.swift */,
				02DF0CDA283CB980003D0679 /* CollectionHeaderView.swift */,
			);
			path = View;
			sourceTree = "<group>";
		};
		02FAD3502848498D0053327B /* Controller */ = {
			isa = PBXGroup;
			children = (
				02072FF32849D151003D7D28 /* DataSource */,
				D2FFBFE5283CA70B00C97D16 /* HomeViewController.swift */,
			);
			path = Controller;
			sourceTree = "<group>";
		};
		02FAD351284849E90053327B /* Browsing */ = {
			isa = PBXGroup;
			children = (
				02FAD35428484A020053327B /* Model */,
				02FAD353284849FC0053327B /* View */,
				02FAD352284849F60053327B /* Controller */,
			);
			path = Browsing;
			sourceTree = "<group>";
		};
		02FAD352284849F60053327B /* Controller */ = {
			isa = PBXGroup;
			children = (
				D2FFBFED283CB33700C97D16 /* BrowseViewController.swift */,
			);
			path = Controller;
			sourceTree = "<group>";
		};
		02FAD353284849FC0053327B /* View */ = {
			isa = PBXGroup;
			children = (
				D2B52C3D283E0CDE00C58271 /* BorwsingSpotCollectionView.swift */,
				D247A48B283F640A00A92DDD /* BrowsingSpotCell.swift */,
			);
			path = View;
			sourceTree = "<group>";
		};
		02FAD35428484A020053327B /* Model */ = {
			isa = PBXGroup;
			children = (
				D2BD02762848A63400AC7B78 /* MKDataManager.swift */,
			);
			path = Model;
			sourceTree = "<group>";
		};
		02FAD35528484A3E0053327B /* Common */ = {
			isa = PBXGroup;
			children = (
				02FAD35828484A520053327B /* Model */,
				02FAD35728484A4D0053327B /* View */,
				02FAD35628484A450053327B /* Controller */,
			);
			path = Common;
			sourceTree = "<group>";
		};
		02FAD35628484A450053327B /* Controller */ = {
			isa = PBXGroup;
			children = (
				D2FFBFD4283C868300C97D16 /* TabBarController.swift */,
			);
			path = Controller;
			sourceTree = "<group>";
		};
		02FAD35728484A4D0053327B /* View */ = {
			isa = PBXGroup;
			children = (
			);
			path = View;
			sourceTree = "<group>";
		};
		02FAD35828484A520053327B /* Model */ = {
			isa = PBXGroup;
			children = (
				D298A211284DB419004B12C9 /* Networking */,
			);
			path = Model;
			sourceTree = "<group>";
		};
		02FAD35928484A6E0053327B /* FindAccomodation */ = {
			isa = PBXGroup;
			children = (
				02FAD35C28484A8C0053327B /* Model */,
				02FAD35B28484A870053327B /* View */,
				02FAD35A28484A810053327B /* Controller */,
			);
			path = FindAccomodation;
			sourceTree = "<group>";
		};
		02FAD35A28484A810053327B /* Controller */ = {
			isa = PBXGroup;
			children = (
				02FAD36B2848AA1A0053327B /* DataSource&Delegate */,
				0287404E283DFD250009C62D /* FindAccomodationViewController.swift */,
				02B3BB9A2844653600753CA7 /* CalendarViewController.swift */,
			);
			path = Controller;
			sourceTree = "<group>";
		};
		02FAD35B28484A870053327B /* View */ = {
			isa = PBXGroup;
			children = (
				02874050283DFDCE0009C62D /* FindAccomodationView.swift */,
				02B3BB9828445E9B00753CA7 /* CalendarView.swift */,
				02874052283E01E70009C62D /* FindAccomodationCell.swift */,
				02874056283E0E600009C62D /* BudgetView.swift */,
				02B3BB9C28446AB400753CA7 /* CalendarCollectionCell.swift */,
				02B3BBA32844E7A100753CA7 /* CalendarCollectionHeaderView.swift */,
			);
			path = View;
			sourceTree = "<group>";
		};
		02FAD35C28484A8C0053327B /* Model */ = {
			isa = PBXGroup;
			children = (
				D2EA19C4284076DB00C75419 /* UseCase */,
				02B3BB9F2844B85600753CA7 /* Day.swift */,
				02B3BBA12844B85F00753CA7 /* MonthMetadata.swift */,
				02FAD3672848A13B0053327B /* AccomodationData.swift */,
			);
			path = Model;
			sourceTree = "<group>";
		};
		02FAD35D28484AC70053327B /* WishList */ = {
			isa = PBXGroup;
			children = (
				02FAD36028484AE60053327B /* Model */,
				02FAD35F28484AE10053327B /* View */,
				02FAD35E28484ADB0053327B /* Controller */,
			);
			path = WishList;
			sourceTree = "<group>";
		};
		02FAD35E28484ADB0053327B /* Controller */ = {
			isa = PBXGroup;
			children = (
				D2FFBFE7283CA72500C97D16 /* WishlistViewController.swift */,
			);
			path = Controller;
			sourceTree = "<group>";
		};
		02FAD35F28484AE10053327B /* View */ = {
			isa = PBXGroup;
			children = (
			);
			path = View;
			sourceTree = "<group>";
		};
		02FAD36028484AE60053327B /* Model */ = {
			isa = PBXGroup;
			children = (
			);
			path = Model;
			sourceTree = "<group>";
		};
		02FAD36128484AEF0053327B /* Reservation */ = {
			isa = PBXGroup;
			children = (
				02FAD36428484B090053327B /* Model */,
				02FAD36328484B030053327B /* View */,
				02FAD36228484AFC0053327B /* Controller */,
			);
			path = Reservation;
			sourceTree = "<group>";
		};
		02FAD36228484AFC0053327B /* Controller */ = {
			isa = PBXGroup;
			children = (
				D2FFBFE9283CA73B00C97D16 /* ReservationViewController.swift */,
			);
			path = Controller;
			sourceTree = "<group>";
		};
		02FAD36328484B030053327B /* View */ = {
			isa = PBXGroup;
			children = (
			);
			path = View;
			sourceTree = "<group>";
		};
		02FAD36428484B090053327B /* Model */ = {
			isa = PBXGroup;
			children = (
			);
			path = Model;
			sourceTree = "<group>";
		};
		02FAD36B2848AA1A0053327B /* DataSource&Delegate */ = {
			isa = PBXGroup;
			children = (
				02FAD36C2848AA340053327B /* FindAccomodationTableDataSource.swift */,
				02FAD36E2848AB110053327B /* FindAccomodationTableDelegate.swift */,
				026731762848B0BC007FEBEF /* CalendarCollectionDataSource.swift */,
			);
			path = "DataSource&Delegate";
			sourceTree = "<group>";
		};
		67B1015EE3E0A53022A3C4B0 /* Frameworks */ = {
			isa = PBXGroup;
			children = (
				9FCF364B69EE3C5A4173A56F /* Pods_Airbnb_iOS.framework */,
				E6C50759EE176BC58496A7F9 /* Pods_Airbnb_iOSTests.framework */,
			);
			name = Frameworks;
			sourceTree = "<group>";
		};
		D207EBCB284F384A003B67F0 /* CollectionCell */ = {
			isa = PBXGroup;
			children = (
				D298A22A284DD8E3004B12C9 /* ThumbnailImageCell.swift */,
				D298A22C284DDA73004B12C9 /* TitleTextCell.swift */,
				D298A22E284DE0E3004B12C9 /* HostTextCell.swift */,
				D298A230284DE46D004B12C9 /* DetailTextCell.swift */,
			);
			path = CollectionCell;
			sourceTree = "<group>";
		};
		D207EBD2284F9521003B67F0 /* Delegate */ = {
			isa = PBXGroup;
			children = (
				D207EBD3284F9568003B67F0 /* DetailTextDescriptionDelegate.swift */,
				D254C8742850350200F1B1B0 /* ReserveToolBarDelegate.swift */,
			);
			path = Delegate;
			sourceTree = "<group>";
		};
		D2562ED8283DCE3B00336E49 /* DataSource */ = {
			isa = PBXGroup;
			children = (
				D247A48F284068DA00A92DDD /* FamousSpotCollectionDataSource.swift */,
				D247A4912840690400A92DDD /* BrowsingSpotCollectionDataSource.swift */,
				D298A236284EE882004B12C9 /* DetailPageCollectionDataSource.swift */,
			);
			path = DataSource;
			sourceTree = "<group>";
		};
		D298A211284DB419004B12C9 /* Networking */ = {
			isa = PBXGroup;
			children = (
				D2BD0278284DACA800AC7B78 /* JSONConverter.swift */,
				D2BD027A284DAD4000AC7B78 /* AlamofireNet.swift */,
			);
			path = Networking;
			sourceTree = "<group>";
		};
		D298A223284DD808004B12C9 /* DetailPage */ = {
			isa = PBXGroup;
			children = (
				D298A229284DD8C6004B12C9 /* View */,
				D298A224284DD81A004B12C9 /* Controller */,
			);
			path = DetailPage;
			sourceTree = "<group>";
		};
		D298A224284DD81A004B12C9 /* Controller */ = {
			isa = PBXGroup;
			children = (
				D207EBD2284F9521003B67F0 /* Delegate */,
				D298A227284DD84A004B12C9 /* DetailPageViewController.swift */,
			);
			path = Controller;
			sourceTree = "<group>";
		};
		D298A229284DD8C6004B12C9 /* View */ = {
			isa = PBXGroup;
			children = (
				D298A232284DEF43004B12C9 /* DetailPageCollectionView.swift */,
				D2402413284F21BF00E87E0F /* DetailPageToolBar.swift */,
				D207EBCC284F3AA3003B67F0 /* CollectionFooterView.swift */,
				D207EBCB284F384A003B67F0 /* CollectionCell */,
			);
			path = View;
            sourceTree = "<group>";
        };
		D298A217284DBB29004B12C9 /* Airbnb_iOSTests */ = {
			isa = PBXGroup;
			children = (
				D298A21F284DBB79004B12C9 /* NetworkingTest.swift */,
				02501E17284DC94A00CB4CB8 /* JSONConverterTests.swift */,
				02501E15284DC84B00CB4CB8 /* mock.json */,
			);
			path = Airbnb_iOSTests;
			sourceTree = "<group>";
		};
		D2B52C41283F19F600C58271 /* CollectionLayout */ = {
			isa = PBXGroup;
			children = (
				D2B52C3F283F153900C58271 /* HomeViewCollectionLayout.swift */,
				D2EA1A16284455F800C75419 /* BrowsingSpotCollectionLayout.swift */,
				D298A234284EE409004B12C9 /* DetailPageCollectionLayout.swift */,
			);
			path = CollectionLayout;
			sourceTree = "<group>";
		};
		D2B52C42283F1A0E00C58271 /* Utility */ = {
			isa = PBXGroup;
			children = (
				02B3BB972844561400753CA7 /* Converter */,
				D2B52C41283F19F600C58271 /* CollectionLayout */,
				D2562ED8283DCE3B00336E49 /* DataSource */,
				02874046283D37AA0009C62D /* Extension */,
			);
			path = Utility;
			sourceTree = "<group>";
		};
		D2BD027028484C7600AC7B78 /* UseCase */ = {
			isa = PBXGroup;
			children = (
				D2BD027128484CA100AC7B78 /* LocationManager.swift */,
				02072FF62849E242003D7D28 /* HomeDataManager.swift */,
			);
			path = UseCase;
			sourceTree = "<group>";
		};
		D2EA19C4284076DB00C75419 /* UseCase */ = {
			isa = PBXGroup;
			children = (
				02AE9A2E283FD5AF00F3B5E5 /* CalendarUseCase.swift */,
			);
			path = UseCase;
			sourceTree = "<group>";
		};
		D2FFBFC4283C868300C97D16 = {
			isa = PBXGroup;
			children = (
				02874058283E15420009C62D /* .swiftlint.yml */,
				D2FFBFCF283C868300C97D16 /* Airbnb_iOS */,
				D298A217284DBB29004B12C9 /* Airbnb_iOSTests */,
				D2FFBFCE283C868300C97D16 /* Products */,
				E7A3368721565D9E71A79B8F /* Pods */,
				67B1015EE3E0A53022A3C4B0 /* Frameworks */,
			);
			sourceTree = "<group>";
		};
		D2FFBFCE283C868300C97D16 /* Products */ = {
			isa = PBXGroup;
			children = (
				D2FFBFCD283C868300C97D16 /* Airbnb_iOS.app */,
				D298A216284DBB29004B12C9 /* Airbnb_iOSTests.xctest */,
			);
			name = Products;
			sourceTree = "<group>";
		};
		D2FFBFCF283C868300C97D16 /* Airbnb_iOS */ = {
			isa = PBXGroup;
			children = (
				02FAD35528484A3E0053327B /* Common */,
				02FAD34D2848495A0053327B /* Home */,
				02FAD351284849E90053327B /* Browsing */,
				02FAD35928484A6E0053327B /* FindAccomodation */,
				D298A223284DD808004B12C9 /* DetailPage */,
				02FAD35D28484AC70053327B /* WishList */,
				02FAD36128484AEF0053327B /* Reservation */,
				D2B52C42283F1A0E00C58271 /* Utility */,
				D2FFBFD0283C868300C97D16 /* AppDelegate.swift */,
				D2FFBFD2283C868300C97D16 /* SceneDelegate.swift */,
				D2FFBFD9283C868400C97D16 /* Assets.xcassets */,
				D2FFBFDB283C868400C97D16 /* LaunchScreen.storyboard */,
				D2FFBFDE283C868400C97D16 /* Info.plist */,
			);
			path = Airbnb_iOS;
			sourceTree = "<group>";
		};
		E7A3368721565D9E71A79B8F /* Pods */ = {
			isa = PBXGroup;
			children = (
				C1C9C3510E21BC4268E4F21D /* Pods-Airbnb_iOS.debug.xcconfig */,
				1E326D4FAA083AF8388B21BD /* Pods-Airbnb_iOS.release.xcconfig */,
				251AAB6A09135294AAF4DB95 /* Pods-Airbnb_iOSTests.debug.xcconfig */,
				8646BA6A523BD85096A968B0 /* Pods-Airbnb_iOSTests.release.xcconfig */,
			);
			path = Pods;
			sourceTree = "<group>";
		};
/* End PBXGroup section */

/* Begin PBXNativeTarget section */
		D298A215284DBB29004B12C9 /* Airbnb_iOSTests */ = {
			isa = PBXNativeTarget;
			buildConfigurationList = D298A21E284DBB29004B12C9 /* Build configuration list for PBXNativeTarget "Airbnb_iOSTests" */;
			buildPhases = (
				49397241BF711319CCF03FCC /* [CP] Check Pods Manifest.lock */,
				D298A212284DBB29004B12C9 /* Sources */,
				D298A213284DBB29004B12C9 /* Frameworks */,
				D298A214284DBB29004B12C9 /* Resources */,
				152CF87D133016C1E2CE7072 /* [CP] Embed Pods Frameworks */,
			);
			buildRules = (
			);
			dependencies = (
				D298A21B284DBB29004B12C9 /* PBXTargetDependency */,
			);
			name = Airbnb_iOSTests;
			productName = Airbnb_iOSTests;
			productReference = D298A216284DBB29004B12C9 /* Airbnb_iOSTests.xctest */;
			productType = "com.apple.product-type.bundle.unit-test";
		};
		D2FFBFCC283C868300C97D16 /* Airbnb_iOS */ = {
			isa = PBXNativeTarget;
			buildConfigurationList = D2FFBFE1283C868400C97D16 /* Build configuration list for PBXNativeTarget "Airbnb_iOS" */;
			buildPhases = (
				FED4D6286810AA9124DE6B57 /* [CP] Check Pods Manifest.lock */,
				D2FFBFC9283C868300C97D16 /* Sources */,
				D2FFBFCA283C868300C97D16 /* Frameworks */,
				D2FFBFCB283C868300C97D16 /* Resources */,
				D2FFBFE4283C8AD600C97D16 /* ShellScript */,
				8187495EAE11297FB4B89A68 /* [CP] Embed Pods Frameworks */,
			);
			buildRules = (
			);
			dependencies = (
			);
			name = Airbnb_iOS;
			productName = Airbnb_iOS;
			productReference = D2FFBFCD283C868300C97D16 /* Airbnb_iOS.app */;
			productType = "com.apple.product-type.application";
		};
/* End PBXNativeTarget section */

/* Begin PBXProject section */
		D2FFBFC5283C868300C97D16 /* Project object */ = {
			isa = PBXProject;
			attributes = {
				BuildIndependentTargetsInParallel = 1;
				LastSwiftUpdateCheck = 1340;
				LastUpgradeCheck = 1340;
				TargetAttributes = {
					D298A215284DBB29004B12C9 = {
						CreatedOnToolsVersion = 13.4;
						TestTargetID = D2FFBFCC283C868300C97D16;
					};
					D2FFBFCC283C868300C97D16 = {
						CreatedOnToolsVersion = 13.4;
					};
				};
			};
			buildConfigurationList = D2FFBFC8283C868300C97D16 /* Build configuration list for PBXProject "Airbnb_iOS" */;
			compatibilityVersion = "Xcode 13.0";
			developmentRegion = en;
			hasScannedForEncodings = 0;
			knownRegions = (
				en,
				Base,
			);
			mainGroup = D2FFBFC4283C868300C97D16;
			packageReferences = (
				027938E7283C8D5000404D1D /* XCRemoteSwiftPackageReference "Alamofire" */,
			);
			productRefGroup = D2FFBFCE283C868300C97D16 /* Products */;
			projectDirPath = "";
			projectRoot = "";
			targets = (
				D2FFBFCC283C868300C97D16 /* Airbnb_iOS */,
				D298A215284DBB29004B12C9 /* Airbnb_iOSTests */,
			);
		};
/* End PBXProject section */

/* Begin PBXResourcesBuildPhase section */
		D298A214284DBB29004B12C9 /* Resources */ = {
			isa = PBXResourcesBuildPhase;
			buildActionMask = 2147483647;
			files = (
				02501E16284DC84B00CB4CB8 /* mock.json in Resources */,
			);
			runOnlyForDeploymentPostprocessing = 0;
		};
		D2FFBFCB283C868300C97D16 /* Resources */ = {
			isa = PBXResourcesBuildPhase;
			buildActionMask = 2147483647;
			files = (
				02874059283E15420009C62D /* .swiftlint.yml in Resources */,
				D2FFBFDD283C868400C97D16 /* LaunchScreen.storyboard in Resources */,
				D2FFBFDA283C868400C97D16 /* Assets.xcassets in Resources */,
				02501E19284DC9C400CB4CB8 /* mock.json in Resources */,
			);
			runOnlyForDeploymentPostprocessing = 0;
		};
/* End PBXResourcesBuildPhase section */

/* Begin PBXShellScriptBuildPhase section */
		152CF87D133016C1E2CE7072 /* [CP] Embed Pods Frameworks */ = {
			isa = PBXShellScriptBuildPhase;
			buildActionMask = 2147483647;
			files = (
			);
			inputFileListPaths = (
				"${PODS_ROOT}/Target Support Files/Pods-Airbnb_iOSTests/Pods-Airbnb_iOSTests-frameworks-${CONFIGURATION}-input-files.xcfilelist",
			);
			name = "[CP] Embed Pods Frameworks";
			outputFileListPaths = (
				"${PODS_ROOT}/Target Support Files/Pods-Airbnb_iOSTests/Pods-Airbnb_iOSTests-frameworks-${CONFIGURATION}-output-files.xcfilelist",
			);
			runOnlyForDeploymentPostprocessing = 0;
			shellPath = /bin/sh;
			shellScript = "\"${PODS_ROOT}/Target Support Files/Pods-Airbnb_iOSTests/Pods-Airbnb_iOSTests-frameworks.sh\"\n";
			showEnvVarsInLog = 0;
		};
		49397241BF711319CCF03FCC /* [CP] Check Pods Manifest.lock */ = {
			isa = PBXShellScriptBuildPhase;
			buildActionMask = 2147483647;
			files = (
			);
			inputFileListPaths = (
			);
			inputPaths = (
				"${PODS_PODFILE_DIR_PATH}/Podfile.lock",
				"${PODS_ROOT}/Manifest.lock",
			);
			name = "[CP] Check Pods Manifest.lock";
			outputFileListPaths = (
			);
			outputPaths = (
				"$(DERIVED_FILE_DIR)/Pods-Airbnb_iOSTests-checkManifestLockResult.txt",
			);
			runOnlyForDeploymentPostprocessing = 0;
			shellPath = /bin/sh;
			shellScript = "diff \"${PODS_PODFILE_DIR_PATH}/Podfile.lock\" \"${PODS_ROOT}/Manifest.lock\" > /dev/null\nif [ $? != 0 ] ; then\n    # print error to STDERR\n    echo \"error: The sandbox is not in sync with the Podfile.lock. Run 'pod install' or update your CocoaPods installation.\" >&2\n    exit 1\nfi\n# This output is used by Xcode 'outputs' to avoid re-running this script phase.\necho \"SUCCESS\" > \"${SCRIPT_OUTPUT_FILE_0}\"\n";
			showEnvVarsInLog = 0;
		};
		8187495EAE11297FB4B89A68 /* [CP] Embed Pods Frameworks */ = {
			isa = PBXShellScriptBuildPhase;
			buildActionMask = 2147483647;
			files = (
			);
			inputFileListPaths = (
				"${PODS_ROOT}/Target Support Files/Pods-Airbnb_iOS/Pods-Airbnb_iOS-frameworks-${CONFIGURATION}-input-files.xcfilelist",
			);
			name = "[CP] Embed Pods Frameworks";
			outputFileListPaths = (
				"${PODS_ROOT}/Target Support Files/Pods-Airbnb_iOS/Pods-Airbnb_iOS-frameworks-${CONFIGURATION}-output-files.xcfilelist",
			);
			runOnlyForDeploymentPostprocessing = 0;
			shellPath = /bin/sh;
			shellScript = "\"${PODS_ROOT}/Target Support Files/Pods-Airbnb_iOS/Pods-Airbnb_iOS-frameworks.sh\"\n";
			showEnvVarsInLog = 0;
		};
		D2FFBFE4283C8AD600C97D16 /* ShellScript */ = {
			isa = PBXShellScriptBuildPhase;
			buildActionMask = 12;
			files = (
			);
			inputFileListPaths = (
			);
			inputPaths = (
			);
			outputFileListPaths = (
			);
			outputPaths = (
			);
			runOnlyForDeploymentPostprocessing = 0;
			shellPath = /bin/sh;
			shellScript = "# Type a script or drag a script file from your workspace to insert its path.\n${PODS_ROOT}/SwiftLint/swiftlint\n";
		};
		FED4D6286810AA9124DE6B57 /* [CP] Check Pods Manifest.lock */ = {
			isa = PBXShellScriptBuildPhase;
			buildActionMask = 2147483647;
			files = (
			);
			inputFileListPaths = (
			);
			inputPaths = (
				"${PODS_PODFILE_DIR_PATH}/Podfile.lock",
				"${PODS_ROOT}/Manifest.lock",
			);
			name = "[CP] Check Pods Manifest.lock";
			outputFileListPaths = (
			);
			outputPaths = (
				"$(DERIVED_FILE_DIR)/Pods-Airbnb_iOS-checkManifestLockResult.txt",
			);
			runOnlyForDeploymentPostprocessing = 0;
			shellPath = /bin/sh;
			shellScript = "diff \"${PODS_PODFILE_DIR_PATH}/Podfile.lock\" \"${PODS_ROOT}/Manifest.lock\" > /dev/null\nif [ $? != 0 ] ; then\n    # print error to STDERR\n    echo \"error: The sandbox is not in sync with the Podfile.lock. Run 'pod install' or update your CocoaPods installation.\" >&2\n    exit 1\nfi\n# This output is used by Xcode 'outputs' to avoid re-running this script phase.\necho \"SUCCESS\" > \"${SCRIPT_OUTPUT_FILE_0}\"\n";
			showEnvVarsInLog = 0;
		};
/* End PBXShellScriptBuildPhase section */

/* Begin PBXSourcesBuildPhase section */
		D298A212284DBB29004B12C9 /* Sources */ = {
			isa = PBXSourcesBuildPhase;
			buildActionMask = 2147483647;
			files = (
				02501E18284DC94A00CB4CB8 /* JSONConverterTests.swift in Sources */,
				D298A220284DBB79004B12C9 /* NetworkingTest.swift in Sources */,
			);
			runOnlyForDeploymentPostprocessing = 0;
		};
		D2FFBFC9283C868300C97D16 /* Sources */ = {
			isa = PBXSourcesBuildPhase;
			buildActionMask = 2147483647;
			files = (
				026731772848B0BC007FEBEF /* CalendarCollectionDataSource.swift in Sources */,
				02072FF72849E242003D7D28 /* HomeDataManager.swift in Sources */,
				02DF0CD7283CB3C7003D0679 /* AroundSpotCell.swift in Sources */,
				0287404A283D3B6D0009C62D /* HomeView.swift in Sources */,
				D2B52C40283F153900C58271 /* HomeViewCollectionLayout.swift in Sources */,
				02DF0CDB283CB980003D0679 /* CollectionHeaderView.swift in Sources */,
				02FAD3682848A13B0053327B /* AccomodationData.swift in Sources */,
				D2FFBFD5283C868300C97D16 /* TabBarController.swift in Sources */,
				02B3BB9B2844653600753CA7 /* CalendarViewController.swift in Sources */,
				02874057283E0E600009C62D /* BudgetView.swift in Sources */,
				02AE9A37283FDADF00F3B5E5 /* DateConverter.swift in Sources */,
				02FAD36D2848AA340053327B /* FindAccomodationTableDataSource.swift in Sources */,
				D298A231284DE46D004B12C9 /* DetailTextCell.swift in Sources */,
				02874053283E01E70009C62D /* FindAccomodationCell.swift in Sources */,
				D2EA1A17284455F800C75419 /* BrowsingSpotCollectionLayout.swift in Sources */,
				02072FF52849D216003D7D28 /* HomeViewComponentsData.swift in Sources */,
				D247A490284068DA00A92DDD /* FamousSpotCollectionDataSource.swift in Sources */,
				02DF0CD9283CB77F003D0679 /* ThemeSpotCell.swift in Sources */,
				D2FFBFD1283C868300C97D16 /* AppDelegate.swift in Sources */,
				D2FFBFE8283CA72500C97D16 /* WishlistViewController.swift in Sources */,
				D207EBCD284F3AA3003B67F0 /* CollectionFooterView.swift in Sources */,
				D254C8752850350200F1B1B0 /* ReserveToolBarDelegate.swift in Sources */,
				02AE9A2F283FD5AF00F3B5E5 /* CalendarUseCase.swift in Sources */,
				D2FFBFE6283CA70B00C97D16 /* HomeViewController.swift in Sources */,
				0287404F283DFD250009C62D /* FindAccomodationViewController.swift in Sources */,
				D2BD027228484CA100AC7B78 /* LocationManager.swift in Sources */,
				D2FFBFD3283C868300C97D16 /* SceneDelegate.swift in Sources */,
				D298A22F284DE0E3004B12C9 /* HostTextCell.swift in Sources */,
				02B3BBA42844E7A100753CA7 /* CalendarCollectionHeaderView.swift in Sources */,
				D2B52C3E283E0CDE00C58271 /* BorwsingSpotCollectionView.swift in Sources */,
				02B3BB9928445E9B00753CA7 /* CalendarView.swift in Sources */,
				D2FFBFEA283CA73B00C97D16 /* ReservationViewController.swift in Sources */,
				D207EBD4284F9568003B67F0 /* DetailTextDescriptionDelegate.swift in Sources */,
				02DF0CDD283CBAB6003D0679 /* HomeViewCollectionDataSource.swift in Sources */,
				D2BD0279284DACA800AC7B78 /* JSONConverter.swift in Sources */,
				0267317B284924D8007FEBEF /* Int+.swift in Sources */,
				02B3BB9D28446AB400753CA7 /* CalendarCollectionCell.swift in Sources */,
				0244F60F284DD3DE002D385C /* HomeDto.swift in Sources */,
				02874048283D37B50009C62D /* UIColor+.swift in Sources */,
				02AE9A3D28406A6600F3B5E5 /* String+.swift in Sources */,
				D298A233284DEF43004B12C9 /* DetailPageCollectionView.swift in Sources */,
				D2BD027B284DAD4000AC7B78 /* AlamofireNet.swift in Sources */,
				D298A237284EE882004B12C9 /* DetailPageCollectionDataSource.swift in Sources */,
				02072FF92849F365003D7D28 /* HomeService.swift in Sources */,
				D298A22D284DDA73004B12C9 /* TitleTextCell.swift in Sources */,
				02FAD36F2848AB110053327B /* FindAccomodationTableDelegate.swift in Sources */,
				02B3BBA02844B85600753CA7 /* Day.swift in Sources */,
				02B3BBA22844B85F00753CA7 /* MonthMetadata.swift in Sources */,
				D298A235284EE409004B12C9 /* DetailPageCollectionLayout.swift in Sources */,
				D2402414284F21BF00E87E0F /* DetailPageToolBar.swift in Sources */,
				D247A4922840690400A92DDD /* BrowsingSpotCollectionDataSource.swift in Sources */,
				0287404C283DBE810009C62D /* UiView+.swift in Sources */,
				D247A48C283F640A00A92DDD /* BrowsingSpotCell.swift in Sources */,
				02DF0CD5283CB2C6003D0679 /* HeroImageCell.swift in Sources */,
				02874051283DFDCE0009C62D /* FindAccomodationView.swift in Sources */,
				D2FFBFEE283CB33700C97D16 /* BrowseViewController.swift in Sources */,
				D298A22B284DD8E3004B12C9 /* ThumbnailImageCell.swift in Sources */,
				D2BD02772848A63400AC7B78 /* MKDataManager.swift in Sources */,
				D298A228284DD84A004B12C9 /* DetailPageViewController.swift in Sources */,
			);
			runOnlyForDeploymentPostprocessing = 0;
		};
/* End PBXSourcesBuildPhase section */

/* Begin PBXTargetDependency section */
		D298A21B284DBB29004B12C9 /* PBXTargetDependency */ = {
			isa = PBXTargetDependency;
			target = D2FFBFCC283C868300C97D16 /* Airbnb_iOS */;
			targetProxy = D298A21A284DBB29004B12C9 /* PBXContainerItemProxy */;
		};
/* End PBXTargetDependency section */

/* Begin PBXVariantGroup section */
		D2FFBFDB283C868400C97D16 /* LaunchScreen.storyboard */ = {
			isa = PBXVariantGroup;
			children = (
				D2FFBFDC283C868400C97D16 /* Base */,
			);
			name = LaunchScreen.storyboard;
			sourceTree = "<group>";
		};
/* End PBXVariantGroup section */

/* Begin XCBuildConfiguration section */
		D298A21C284DBB29004B12C9 /* Debug */ = {
			isa = XCBuildConfiguration;
			baseConfigurationReference = 251AAB6A09135294AAF4DB95 /* Pods-Airbnb_iOSTests.debug.xcconfig */;
			buildSettings = {
				BUNDLE_LOADER = "$(TEST_HOST)";
				CODE_SIGN_STYLE = Automatic;
				CURRENT_PROJECT_VERSION = 1;
				DEVELOPMENT_TEAM = B3PWYBKFUK;
				GENERATE_INFOPLIST_FILE = YES;
				IPHONEOS_DEPLOYMENT_TARGET = 15.5;
				MARKETING_VERSION = 1.0;
				PRODUCT_BUNDLE_IDENTIFIER = "com.team11.Airbnb-iOS.Airbnb-iOSTests";
				PRODUCT_NAME = "$(TARGET_NAME)";
				SWIFT_EMIT_LOC_STRINGS = NO;
				SWIFT_VERSION = 5.0;
				TARGETED_DEVICE_FAMILY = "1,2";
				TEST_HOST = "$(BUILT_PRODUCTS_DIR)/Airbnb_iOS.app/Airbnb_iOS";
			};
			name = Debug;
		};
		D298A21D284DBB29004B12C9 /* Release */ = {
			isa = XCBuildConfiguration;
			baseConfigurationReference = 8646BA6A523BD85096A968B0 /* Pods-Airbnb_iOSTests.release.xcconfig */;
			buildSettings = {
				BUNDLE_LOADER = "$(TEST_HOST)";
				CODE_SIGN_STYLE = Automatic;
				CURRENT_PROJECT_VERSION = 1;
				DEVELOPMENT_TEAM = B3PWYBKFUK;
				GENERATE_INFOPLIST_FILE = YES;
				IPHONEOS_DEPLOYMENT_TARGET = 15.5;
				MARKETING_VERSION = 1.0;
				PRODUCT_BUNDLE_IDENTIFIER = "com.team11.Airbnb-iOS.Airbnb-iOSTests";
				PRODUCT_NAME = "$(TARGET_NAME)";
				SWIFT_EMIT_LOC_STRINGS = NO;
				SWIFT_VERSION = 5.0;
				TARGETED_DEVICE_FAMILY = "1,2";
				TEST_HOST = "$(BUILT_PRODUCTS_DIR)/Airbnb_iOS.app/Airbnb_iOS";
			};
			name = Release;
		};
		D2FFBFDF283C868400C97D16 /* Debug */ = {
			isa = XCBuildConfiguration;
			buildSettings = {
				ALWAYS_SEARCH_USER_PATHS = NO;
				CLANG_ANALYZER_NONNULL = YES;
				CLANG_ANALYZER_NUMBER_OBJECT_CONVERSION = YES_AGGRESSIVE;
				CLANG_CXX_LANGUAGE_STANDARD = "gnu++17";
				CLANG_ENABLE_MODULES = YES;
				CLANG_ENABLE_OBJC_ARC = YES;
				CLANG_ENABLE_OBJC_WEAK = YES;
				CLANG_WARN_BLOCK_CAPTURE_AUTORELEASING = YES;
				CLANG_WARN_BOOL_CONVERSION = YES;
				CLANG_WARN_COMMA = YES;
				CLANG_WARN_CONSTANT_CONVERSION = YES;
				CLANG_WARN_DEPRECATED_OBJC_IMPLEMENTATIONS = YES;
				CLANG_WARN_DIRECT_OBJC_ISA_USAGE = YES_ERROR;
				CLANG_WARN_DOCUMENTATION_COMMENTS = YES;
				CLANG_WARN_EMPTY_BODY = YES;
				CLANG_WARN_ENUM_CONVERSION = YES;
				CLANG_WARN_INFINITE_RECURSION = YES;
				CLANG_WARN_INT_CONVERSION = YES;
				CLANG_WARN_NON_LITERAL_NULL_CONVERSION = YES;
				CLANG_WARN_OBJC_IMPLICIT_RETAIN_SELF = YES;
				CLANG_WARN_OBJC_LITERAL_CONVERSION = YES;
				CLANG_WARN_OBJC_ROOT_CLASS = YES_ERROR;
				CLANG_WARN_QUOTED_INCLUDE_IN_FRAMEWORK_HEADER = YES;
				CLANG_WARN_RANGE_LOOP_ANALYSIS = YES;
				CLANG_WARN_STRICT_PROTOTYPES = YES;
				CLANG_WARN_SUSPICIOUS_MOVE = YES;
				CLANG_WARN_UNGUARDED_AVAILABILITY = YES_AGGRESSIVE;
				CLANG_WARN_UNREACHABLE_CODE = YES;
				CLANG_WARN__DUPLICATE_METHOD_MATCH = YES;
				COPY_PHASE_STRIP = NO;
				DEBUG_INFORMATION_FORMAT = dwarf;
				ENABLE_STRICT_OBJC_MSGSEND = YES;
				ENABLE_TESTABILITY = YES;
				GCC_C_LANGUAGE_STANDARD = gnu11;
				GCC_DYNAMIC_NO_PIC = NO;
				GCC_NO_COMMON_BLOCKS = YES;
				GCC_OPTIMIZATION_LEVEL = 0;
				GCC_PREPROCESSOR_DEFINITIONS = (
					"DEBUG=1",
					"$(inherited)",
				);
				GCC_WARN_64_TO_32_BIT_CONVERSION = YES;
				GCC_WARN_ABOUT_RETURN_TYPE = YES_ERROR;
				GCC_WARN_UNDECLARED_SELECTOR = YES;
				GCC_WARN_UNINITIALIZED_AUTOS = YES_AGGRESSIVE;
				GCC_WARN_UNUSED_FUNCTION = YES;
				GCC_WARN_UNUSED_VARIABLE = YES;
				IPHONEOS_DEPLOYMENT_TARGET = 13.5;
				MTL_ENABLE_DEBUG_INFO = INCLUDE_SOURCE;
				MTL_FAST_MATH = YES;
				ONLY_ACTIVE_ARCH = YES;
				SDKROOT = iphoneos;
				SWIFT_ACTIVE_COMPILATION_CONDITIONS = DEBUG;
				SWIFT_OPTIMIZATION_LEVEL = "-Onone";
			};
			name = Debug;
		};
		D2FFBFE0283C868400C97D16 /* Release */ = {
			isa = XCBuildConfiguration;
			buildSettings = {
				ALWAYS_SEARCH_USER_PATHS = NO;
				CLANG_ANALYZER_NONNULL = YES;
				CLANG_ANALYZER_NUMBER_OBJECT_CONVERSION = YES_AGGRESSIVE;
				CLANG_CXX_LANGUAGE_STANDARD = "gnu++17";
				CLANG_ENABLE_MODULES = YES;
				CLANG_ENABLE_OBJC_ARC = YES;
				CLANG_ENABLE_OBJC_WEAK = YES;
				CLANG_WARN_BLOCK_CAPTURE_AUTORELEASING = YES;
				CLANG_WARN_BOOL_CONVERSION = YES;
				CLANG_WARN_COMMA = YES;
				CLANG_WARN_CONSTANT_CONVERSION = YES;
				CLANG_WARN_DEPRECATED_OBJC_IMPLEMENTATIONS = YES;
				CLANG_WARN_DIRECT_OBJC_ISA_USAGE = YES_ERROR;
				CLANG_WARN_DOCUMENTATION_COMMENTS = YES;
				CLANG_WARN_EMPTY_BODY = YES;
				CLANG_WARN_ENUM_CONVERSION = YES;
				CLANG_WARN_INFINITE_RECURSION = YES;
				CLANG_WARN_INT_CONVERSION = YES;
				CLANG_WARN_NON_LITERAL_NULL_CONVERSION = YES;
				CLANG_WARN_OBJC_IMPLICIT_RETAIN_SELF = YES;
				CLANG_WARN_OBJC_LITERAL_CONVERSION = YES;
				CLANG_WARN_OBJC_ROOT_CLASS = YES_ERROR;
				CLANG_WARN_QUOTED_INCLUDE_IN_FRAMEWORK_HEADER = YES;
				CLANG_WARN_RANGE_LOOP_ANALYSIS = YES;
				CLANG_WARN_STRICT_PROTOTYPES = YES;
				CLANG_WARN_SUSPICIOUS_MOVE = YES;
				CLANG_WARN_UNGUARDED_AVAILABILITY = YES_AGGRESSIVE;
				CLANG_WARN_UNREACHABLE_CODE = YES;
				CLANG_WARN__DUPLICATE_METHOD_MATCH = YES;
				COPY_PHASE_STRIP = NO;
				DEBUG_INFORMATION_FORMAT = "dwarf-with-dsym";
				ENABLE_NS_ASSERTIONS = NO;
				ENABLE_STRICT_OBJC_MSGSEND = YES;
				GCC_C_LANGUAGE_STANDARD = gnu11;
				GCC_NO_COMMON_BLOCKS = YES;
				GCC_WARN_64_TO_32_BIT_CONVERSION = YES;
				GCC_WARN_ABOUT_RETURN_TYPE = YES_ERROR;
				GCC_WARN_UNDECLARED_SELECTOR = YES;
				GCC_WARN_UNINITIALIZED_AUTOS = YES_AGGRESSIVE;
				GCC_WARN_UNUSED_FUNCTION = YES;
				GCC_WARN_UNUSED_VARIABLE = YES;
				IPHONEOS_DEPLOYMENT_TARGET = 13.5;
				MTL_ENABLE_DEBUG_INFO = NO;
				MTL_FAST_MATH = YES;
				SDKROOT = iphoneos;
				SWIFT_COMPILATION_MODE = wholemodule;
				SWIFT_OPTIMIZATION_LEVEL = "-O";
				VALIDATE_PRODUCT = YES;
			};
			name = Release;
		};
		D2FFBFE2283C868400C97D16 /* Debug */ = {
			isa = XCBuildConfiguration;
			baseConfigurationReference = C1C9C3510E21BC4268E4F21D /* Pods-Airbnb_iOS.debug.xcconfig */;
			buildSettings = {
				ASSETCATALOG_COMPILER_APPICON_NAME = AppIcon;
				ASSETCATALOG_COMPILER_GLOBAL_ACCENT_COLOR_NAME = AccentColor;
				CODE_SIGN_STYLE = Automatic;
				CURRENT_PROJECT_VERSION = 1;
				DEVELOPMENT_TEAM = B3PWYBKFUK;
				GENERATE_INFOPLIST_FILE = YES;
				INFOPLIST_FILE = Airbnb_iOS/Info.plist;
				INFOPLIST_KEY_NSLocationAlwaysAndWhenInUseUsageDescription = "현재 위치 확인을 위해 권한이 필요합니다";
				INFOPLIST_KEY_NSLocationWhenInUseUsageDescription = "현재 위치 확인을 위해 권한이 필요합니다";
				INFOPLIST_KEY_UIApplicationSupportsIndirectInputEvents = YES;
				INFOPLIST_KEY_UILaunchStoryboardName = LaunchScreen;
				INFOPLIST_KEY_UISupportedInterfaceOrientations_iPad = "UIInterfaceOrientationPortrait UIInterfaceOrientationPortraitUpsideDown UIInterfaceOrientationLandscapeLeft UIInterfaceOrientationLandscapeRight";
				INFOPLIST_KEY_UISupportedInterfaceOrientations_iPhone = "UIInterfaceOrientationPortrait UIInterfaceOrientationLandscapeLeft UIInterfaceOrientationLandscapeRight";
				IPHONEOS_DEPLOYMENT_TARGET = 13.5;
				LD_RUNPATH_SEARCH_PATHS = (
					"$(inherited)",
					"@executable_path/Frameworks",
				);
				MARKETING_VERSION = 1.0;
				PRODUCT_BUNDLE_IDENTIFIER = "com.team11.Airbnb-iOS";
				PRODUCT_NAME = "$(TARGET_NAME)";
				SWIFT_EMIT_LOC_STRINGS = YES;
				SWIFT_VERSION = 5.0;
				TARGETED_DEVICE_FAMILY = "1,2";
			};
			name = Debug;
		};
		D2FFBFE3283C868400C97D16 /* Release */ = {
			isa = XCBuildConfiguration;
			baseConfigurationReference = 1E326D4FAA083AF8388B21BD /* Pods-Airbnb_iOS.release.xcconfig */;
			buildSettings = {
				ASSETCATALOG_COMPILER_APPICON_NAME = AppIcon;
				ASSETCATALOG_COMPILER_GLOBAL_ACCENT_COLOR_NAME = AccentColor;
				CODE_SIGN_STYLE = Automatic;
				CURRENT_PROJECT_VERSION = 1;
				DEVELOPMENT_TEAM = B3PWYBKFUK;
				GENERATE_INFOPLIST_FILE = YES;
				INFOPLIST_FILE = Airbnb_iOS/Info.plist;
				INFOPLIST_KEY_NSLocationAlwaysAndWhenInUseUsageDescription = "현재 위치 확인을 위해 권한이 필요합니다";
				INFOPLIST_KEY_NSLocationWhenInUseUsageDescription = "현재 위치 확인을 위해 권한이 필요합니다";
				INFOPLIST_KEY_UIApplicationSupportsIndirectInputEvents = YES;
				INFOPLIST_KEY_UILaunchStoryboardName = LaunchScreen;
				INFOPLIST_KEY_UISupportedInterfaceOrientations_iPad = "UIInterfaceOrientationPortrait UIInterfaceOrientationPortraitUpsideDown UIInterfaceOrientationLandscapeLeft UIInterfaceOrientationLandscapeRight";
				INFOPLIST_KEY_UISupportedInterfaceOrientations_iPhone = "UIInterfaceOrientationPortrait UIInterfaceOrientationLandscapeLeft UIInterfaceOrientationLandscapeRight";
				IPHONEOS_DEPLOYMENT_TARGET = 13.5;
				LD_RUNPATH_SEARCH_PATHS = (
					"$(inherited)",
					"@executable_path/Frameworks",
				);
				MARKETING_VERSION = 1.0;
				PRODUCT_BUNDLE_IDENTIFIER = "com.team11.Airbnb-iOS";
				PRODUCT_NAME = "$(TARGET_NAME)";
				SWIFT_EMIT_LOC_STRINGS = YES;
				SWIFT_VERSION = 5.0;
				TARGETED_DEVICE_FAMILY = "1,2";
			};
			name = Release;
		};
/* End XCBuildConfiguration section */

/* Begin XCConfigurationList section */
		D298A21E284DBB29004B12C9 /* Build configuration list for PBXNativeTarget "Airbnb_iOSTests" */ = {
			isa = XCConfigurationList;
			buildConfigurations = (
				D298A21C284DBB29004B12C9 /* Debug */,
				D298A21D284DBB29004B12C9 /* Release */,
			);
			defaultConfigurationIsVisible = 0;
			defaultConfigurationName = Release;
		};
		D2FFBFC8283C868300C97D16 /* Build configuration list for PBXProject "Airbnb_iOS" */ = {
			isa = XCConfigurationList;
			buildConfigurations = (
				D2FFBFDF283C868400C97D16 /* Debug */,
				D2FFBFE0283C868400C97D16 /* Release */,
			);
			defaultConfigurationIsVisible = 0;
			defaultConfigurationName = Release;
		};
		D2FFBFE1283C868400C97D16 /* Build configuration list for PBXNativeTarget "Airbnb_iOS" */ = {
			isa = XCConfigurationList;
			buildConfigurations = (
				D2FFBFE2283C868400C97D16 /* Debug */,
				D2FFBFE3283C868400C97D16 /* Release */,
			);
			defaultConfigurationIsVisible = 0;
			defaultConfigurationName = Release;
		};
/* End XCConfigurationList section */

/* Begin XCRemoteSwiftPackageReference section */
		027938E7283C8D5000404D1D /* XCRemoteSwiftPackageReference "Alamofire" */ = {
			isa = XCRemoteSwiftPackageReference;
			repositoryURL = "https://github.com/Alamofire/Alamofire";
			requirement = {
				kind = exactVersion;
				version = 5.0.0;
			};
		};
/* End XCRemoteSwiftPackageReference section */
	};
	rootObject = D2FFBFC5283C868300C97D16 /* Project object */;
}
