PODS:
  - Alamofire (5.6.1)
  - SwiftLint (0.47.1)

DEPENDENCIES:
  - Alamofire
  - SwiftLint

SPEC REPOS:
  trunk:
    - Alamofire
    - SwiftLint

SPEC CHECKSUMS:
  Alamofire: 87bd8c952f9a4454320fce00d9cc3de57bcadaf5
  SwiftLint: f80f1be7fa96d30e0aa68e58d45d4ea1ccaac519

PODFILE CHECKSUM: 10ab4d61ca1072c1a3ad77d4e2c21a522541e01b

COCOAPODS: 1.11.3
